
Microsoft Visual Studio Solution File, Format Version 12.00
# Visual Studio Version 17
VisualStudioVersion = 17.14.36623.8 d17.14
MinimumVisualStudioVersion = 10.0.40219.1
Project("{FAE04EC0-301F-11D3-BF4B-00C04F79EFBC}") = "LlmDemo", "LlmDemo\LlmDemo.csproj", "{9BB70437-ADB4-9F28-CDD0-85C4191C4D94}"
EndProject
Project("{FAE04EC0-301F-11D3-BF4B-00C04F79EFBC}") = "RAG", "RAG\RAG.csproj", "{F8A302A9-0CAC-469A-B383-EB8E10F7177D}"
EndProject
Global
	GlobalSection(SolutionConfigurationPlatforms) = preSolution
		Debug|Any CPU = Debug|Any CPU
		Release|Any CPU = Release|Any CPU
	EndGlobalSection
	GlobalSection(ProjectConfigurationPlatforms) = postSolution
		{9BB70437-ADB4-9F28-CDD0-85C4191C4D94}.Debug|Any CPU.ActiveCfg = Debug|Any CPU
		{9BB70437-ADB4-9F28-CDD0-85C4191C4D94}.Debug|Any CPU.Build.0 = Debug|Any CPU
		{9BB70437-ADB4-9F28-CDD0-85C4191C4D94}.Release|Any CPU.ActiveCfg = Release|Any CPU
		{9BB70437-ADB4-9F28-CDD0-85C4191C4D94}.Release|Any CPU.Build.0 = Release|Any CPU
		{F8A302A9-0CAC-469A-B383-EB8E10F7177D}.Debug|Any CPU.ActiveCfg = Debug|Any CPU
		{F8A302A9-0CAC-469A-B383-EB8E10F7177D}.Debug|Any CPU.Build.0 = Debug|Any CPU
		{F8A302A9-0CAC-469A-B383-EB8E10F7177D}.Release|Any CPU.ActiveCfg = Release|Any CPU
		{F8A302A9-0CAC-469A-B383-EB8E10F7177D}.Release|Any CPU.Build.0 = Release|Any CPU
	EndGlobalSection
	GlobalSection(SolutionProperties) = preSolution
		HideSolutionNode = FALSE
	EndGlobalSection
	GlobalSection(ExtensibilityGlobals) = postSolution
		SolutionGuid = {7B4984B6-2F07-4734-BB39-4A2A8DDE2148}
	EndGlobalSection
EndGlobal
